
Microsoft Visual Studio Solution File, Format Version 12.00
# Visual Studio Version 17
VisualStudioVersion = 17.1.32414.318
MinimumVisualStudioVersion = 10.0.40219.1
Project("{34036844-64E7-43A5-9151-4AD90E180989}") = "PanTiltControllerApp", "PanTiltControllerApp\PanTiltControllerApp.iotedgeproj", "{99F6D678-4D6C-4A8D-99AE-C737ED749EC3}"
EndProject
Project("{9A19103F-16F7-4668-BE54-9A1E7A4F7556}") = "PanTiltControllerModule", "PanTiltControllerModule\PanTiltControllerModule.csproj", "{04B4D022-2771-4443-A24F-A0C049324673}"
EndProject
Project("{9A19103F-16F7-4668-BE54-9A1E7A4F7556}") = "Percept2pantiltModule", "Percept2pantiltModule\Percept2pantiltModule.csproj", "{859835F5-C0F3-4548-B642-443B32AAA701}"
EndProject
Global
	GlobalSection(SolutionConfigurationPlatforms) = preSolution
		Debug|Any CPU = Debug|Any CPU
		Release|Any CPU = Release|Any CPU
	EndGlobalSection
	GlobalSection(ProjectConfigurationPlatforms) = postSolution
		{99F6D678-4D6C-4A8D-99AE-C737ED749EC3}.Debug|Any CPU.ActiveCfg = Debug|Any CPU
		{99F6D678-4D6C-4A8D-99AE-C737ED749EC3}.Debug|Any CPU.Build.0 = Debug|Any CPU
		{99F6D678-4D6C-4A8D-99AE-C737ED749EC3}.Release|Any CPU.ActiveCfg = Release|Any CPU
		{99F6D678-4D6C-4A8D-99AE-C737ED749EC3}.Release|Any CPU.Build.0 = Release|Any CPU
		{04B4D022-2771-4443-A24F-A0C049324673}.Debug|Any CPU.ActiveCfg = Debug|Any CPU
		{04B4D022-2771-4443-A24F-A0C049324673}.Debug|Any CPU.Build.0 = Debug|Any CPU
		{04B4D022-2771-4443-A24F-A0C049324673}.Release|Any CPU.ActiveCfg = Release|Any CPU
		{04B4D022-2771-4443-A24F-A0C049324673}.Release|Any CPU.Build.0 = Release|Any CPU
		{859835F5-C0F3-4548-B642-443B32AAA701}.Debug|Any CPU.ActiveCfg = Debug|Any CPU
		{859835F5-C0F3-4548-B642-443B32AAA701}.Debug|Any CPU.Build.0 = Debug|Any CPU
		{859835F5-C0F3-4548-B642-443B32AAA701}.Release|Any CPU.ActiveCfg = Release|Any CPU
		{859835F5-C0F3-4548-B642-443B32AAA701}.Release|Any CPU.Build.0 = Release|Any CPU
	EndGlobalSection
	GlobalSection(SolutionProperties) = preSolution
		HideSolutionNode = FALSE
	EndGlobalSection
	GlobalSection(ExtensibilityGlobals) = postSolution
		SolutionGuid = {6A1F409C-AF84-463B-956F-FA287A0D84CE}
	EndGlobalSection
EndGlobal
